
Microsoft Visual Studio Solution File, Format Version 12.00
# Visual Studio Version 16
VisualStudioVersion = 16.0.29709.97
MinimumVisualStudioVersion = 10.0.40219.1
Project("{FAE04EC0-301F-11D3-BF4B-00C04F79EFBC}") = "StructNumberDrill", "StructNumberDrill\StructNumberDrill.csproj", "{A26D8E46-1A99-431C-9334-4CD5B85003E4}"
EndProject
Global
	GlobalSection(SolutionConfigurationPlatforms) = preSolution
		Debug|Any CPU = Debug|Any CPU
		Release|Any CPU = Release|Any CPU
	EndGlobalSection
	GlobalSection(ProjectConfigurationPlatforms) = postSolution
		{A26D8E46-1A99-431C-9334-4CD5B85003E4}.Debug|Any CPU.ActiveCfg = Debug|Any CPU
		{A26D8E46-1A99-431C-9334-4CD5B85003E4}.Debug|Any CPU.Build.0 = Debug|Any CPU
		{A26D8E46-1A99-431C-9334-4CD5B85003E4}.Release|Any CPU.ActiveCfg = Release|Any CPU
		{A26D8E46-1A99-431C-9334-4CD5B85003E4}.Release|Any CPU.Build.0 = Release|Any CPU
	EndGlobalSection
	GlobalSection(SolutionProperties) = preSolution
		HideSolutionNode = FALSE
	EndGlobalSection
	GlobalSection(ExtensibilityGlobals) = postSolution
		SolutionGuid = {FBB0F3AE-2341-4F6D-9BB0-122F07F9A3E7}
	EndGlobalSection
EndGlobal
