
Microsoft Visual Studio Solution File, Format Version 12.00
# Visual Studio Version 16
VisualStudioVersion = 16.0.29709.97
MinimumVisualStudioVersion = 10.0.40219.1
Project("{FAE04EC0-301F-11D3-BF4B-00C04F79EFBC}") = "ClassVoidDrill", "ClassVoidDrill\ClassVoidDrill.csproj", "{F469AA46-4850-41DC-B97A-A5683AB6BD95}"
EndProject
Global
	GlobalSection(SolutionConfigurationPlatforms) = preSolution
		Debug|Any CPU = Debug|Any CPU
		Release|Any CPU = Release|Any CPU
	EndGlobalSection
	GlobalSection(ProjectConfigurationPlatforms) = postSolution
		{F469AA46-4850-41DC-B97A-A5683AB6BD95}.Debug|Any CPU.ActiveCfg = Debug|Any CPU
		{F469AA46-4850-41DC-B97A-A5683AB6BD95}.Debug|Any CPU.Build.0 = Debug|Any CPU
		{F469AA46-4850-41DC-B97A-A5683AB6BD95}.Release|Any CPU.ActiveCfg = Release|Any CPU
		{F469AA46-4850-41DC-B97A-A5683AB6BD95}.Release|Any CPU.Build.0 = Release|Any CPU
	EndGlobalSection
	GlobalSection(SolutionProperties) = preSolution
		HideSolutionNode = FALSE
	EndGlobalSection
	GlobalSection(ExtensibilityGlobals) = postSolution
		SolutionGuid = {0948881A-E4A4-44B9-A0D6-6452637D818C}
	EndGlobalSection
EndGlobal
