
Microsoft Visual Studio Solution File, Format Version 12.00
# Visual Studio Version 16
VisualStudioVersion = 16.0.29709.97
MinimumVisualStudioVersion = 10.0.40219.1
Project("{FAE04EC0-301F-11D3-BF4B-00C04F79EFBC}") = "LoopComparisonDrill", "LoopComparisonDrill\LoopComparisonDrill.csproj", "{6EA04AAA-23A1-4F41-9843-302930CEBD95}"
EndProject
Global
	GlobalSection(SolutionConfigurationPlatforms) = preSolution
		Debug|Any CPU = Debug|Any CPU
		Release|Any CPU = Release|Any CPU
	EndGlobalSection
	GlobalSection(ProjectConfigurationPlatforms) = postSolution
		{6EA04AAA-23A1-4F41-9843-302930CEBD95}.Debug|Any CPU.ActiveCfg = Debug|Any CPU
		{6EA04AAA-23A1-4F41-9843-302930CEBD95}.Debug|Any CPU.Build.0 = Debug|Any CPU
		{6EA04AAA-23A1-4F41-9843-302930CEBD95}.Release|Any CPU.ActiveCfg = Release|Any CPU
		{6EA04AAA-23A1-4F41-9843-302930CEBD95}.Release|Any CPU.Build.0 = Release|Any CPU
	EndGlobalSection
	GlobalSection(SolutionProperties) = preSolution
		HideSolutionNode = FALSE
	EndGlobalSection
	GlobalSection(ExtensibilityGlobals) = postSolution
		SolutionGuid = {2C31D3D9-A444-4E75-B0EC-95B26ECBA885}
	EndGlobalSection
EndGlobal
