
Microsoft Visual Studio Solution File, Format Version 12.00
# Visual Studio Version 16
VisualStudioVersion = 16.0.29709.97
MinimumVisualStudioVersion = 10.0.40219.1
Project("{FAE04EC0-301F-11D3-BF4B-00C04F79EFBC}") = "OptionalMethodDrill", "OptionalMethodDrill\OptionalMethodDrill.csproj", "{45CC1982-8CAC-431C-A008-E4E65F0F6766}"
EndProject
Global
	GlobalSection(SolutionConfigurationPlatforms) = preSolution
		Debug|Any CPU = Debug|Any CPU
		Release|Any CPU = Release|Any CPU
	EndGlobalSection
	GlobalSection(ProjectConfigurationPlatforms) = postSolution
		{45CC1982-8CAC-431C-A008-E4E65F0F6766}.Debug|Any CPU.ActiveCfg = Debug|Any CPU
		{45CC1982-8CAC-431C-A008-E4E65F0F6766}.Debug|Any CPU.Build.0 = Debug|Any CPU
		{45CC1982-8CAC-431C-A008-E4E65F0F6766}.Release|Any CPU.ActiveCfg = Release|Any CPU
		{45CC1982-8CAC-431C-A008-E4E65F0F6766}.Release|Any CPU.Build.0 = Release|Any CPU
	EndGlobalSection
	GlobalSection(SolutionProperties) = preSolution
		HideSolutionNode = FALSE
	EndGlobalSection
	GlobalSection(ExtensibilityGlobals) = postSolution
		SolutionGuid = {6CA4EE56-D6B5-4F6C-8DEE-51F0C26D2D04}
	EndGlobalSection
EndGlobal
