
Microsoft Visual Studio Solution File, Format Version 12.00
# Visual Studio Version 16
VisualStudioVersion = 16.0.30114.105
MinimumVisualStudioVersion = 10.0.40219.1
Project("{FAE04EC0-301F-11D3-BF4B-00C04F79EFBC}") = "NumberTextFile", "NumberTextFile\NumberTextFile.csproj", "{A27F2285-2011-482E-986B-2446A8F19514}"
EndProject
Global
	GlobalSection(SolutionConfigurationPlatforms) = preSolution
		Debug|Any CPU = Debug|Any CPU
		Release|Any CPU = Release|Any CPU
	EndGlobalSection
	GlobalSection(ProjectConfigurationPlatforms) = postSolution
		{A27F2285-2011-482E-986B-2446A8F19514}.Debug|Any CPU.ActiveCfg = Debug|Any CPU
		{A27F2285-2011-482E-986B-2446A8F19514}.Debug|Any CPU.Build.0 = Debug|Any CPU
		{A27F2285-2011-482E-986B-2446A8F19514}.Release|Any CPU.ActiveCfg = Release|Any CPU
		{A27F2285-2011-482E-986B-2446A8F19514}.Release|Any CPU.Build.0 = Release|Any CPU
	EndGlobalSection
	GlobalSection(SolutionProperties) = preSolution
		HideSolutionNode = FALSE
	EndGlobalSection
	GlobalSection(ExtensibilityGlobals) = postSolution
		SolutionGuid = {C2FA22E8-6BE8-48BE-84AC-DBBDB6B363CE}
	EndGlobalSection
EndGlobal
